
Microsoft Visual Studio Solution File, Format Version 12.00
# Visual Studio Version 17
VisualStudioVersion = 17.12.35527.113
MinimumVisualStudioVersion = 10.0.40219.1
Project("{FAE04EC0-301F-11D3-BF4B-00C04F79EFBC}") = "FullStackTraining.Sessions", "FullStackTraining.Sessions\FullStackTraining.Sessions.csproj", "{7B9E81A6-CA4F-461A-8C09-5BB5566C6AF1}"
EndProject
Project("{FAE04EC0-301F-11D3-BF4B-00C04F79EFBC}") = "EmpPortal", "EmpPortal\EmpPortal.csproj", "{6FDE9A99-F1C0-4848-B5AD-1D8173AC5EA4}"
EndProject
Project("{FAE04EC0-301F-11D3-BF4B-00C04F79EFBC}") = "dotnetcore_sessions", "dotnetcore_sessions\dotnetcore_sessions.csproj", "{CB6E7E2C-0857-4D18-AEAA-E360A1A61E8C}"
EndProject
Project("{FAE04EC0-301F-11D3-BF4B-00C04F79EFBC}") = "LA.Models", "LA.Models\LA.Models.csproj", "{D459CE5A-4896-4798-A789-316C1FD7DAE8}"
EndProject
Project("{FAE04EC0-301F-11D3-BF4B-00C04F79EFBC}") = "LA.Repositories", "LA.Repositories\LA.Repositories.csproj", "{CEEDE4F1-7110-416D-838D-2A2EC98D8BC8}"
EndProject
Project("{FAE04EC0-301F-11D3-BF4B-00C04F79EFBC}") = "LA.UI", "LA.UI\LA.UI.csproj", "{F4983817-42AD-4940-BDAC-FC070D69DE95}"
EndProject
Project("{FAE04EC0-301F-11D3-BF4B-00C04F79EFBC}") = "EMS.Entities", "EMS.Entities\EMS.Entities.csproj", "{FC819213-2F06-4497-808C-BC3E94DDE6BB}"
EndProject
Project("{FAE04EC0-301F-11D3-BF4B-00C04F79EFBC}") = "EMS.Repositories", "EMS.Repositories\EMS.Repositories.csproj", "{B01744E6-A23D-45F6-926C-D1AF173C74DE}"
EndProject
Project("{FAE04EC0-301F-11D3-BF4B-00C04F79EFBC}") = "EMS.UI", "EMS.UI\EMS.UI.csproj", "{02B51F45-3020-403D-97C9-25FEC33F5E4B}"
EndProject
Global
	GlobalSection(SolutionConfigurationPlatforms) = preSolution
		Debug|Any CPU = Debug|Any CPU
		Release|Any CPU = Release|Any CPU
	EndGlobalSection
	GlobalSection(ProjectConfigurationPlatforms) = postSolution
		{7B9E81A6-CA4F-461A-8C09-5BB5566C6AF1}.Debug|Any CPU.ActiveCfg = Debug|Any CPU
		{7B9E81A6-CA4F-461A-8C09-5BB5566C6AF1}.Debug|Any CPU.Build.0 = Debug|Any CPU
		{7B9E81A6-CA4F-461A-8C09-5BB5566C6AF1}.Release|Any CPU.ActiveCfg = Release|Any CPU
		{7B9E81A6-CA4F-461A-8C09-5BB5566C6AF1}.Release|Any CPU.Build.0 = Release|Any CPU
		{6FDE9A99-F1C0-4848-B5AD-1D8173AC5EA4}.Debug|Any CPU.ActiveCfg = Debug|Any CPU
		{6FDE9A99-F1C0-4848-B5AD-1D8173AC5EA4}.Debug|Any CPU.Build.0 = Debug|Any CPU
		{6FDE9A99-F1C0-4848-B5AD-1D8173AC5EA4}.Release|Any CPU.ActiveCfg = Release|Any CPU
		{6FDE9A99-F1C0-4848-B5AD-1D8173AC5EA4}.Release|Any CPU.Build.0 = Release|Any CPU
		{CB6E7E2C-0857-4D18-AEAA-E360A1A61E8C}.Debug|Any CPU.ActiveCfg = Debug|Any CPU
		{CB6E7E2C-0857-4D18-AEAA-E360A1A61E8C}.Debug|Any CPU.Build.0 = Debug|Any CPU
		{CB6E7E2C-0857-4D18-AEAA-E360A1A61E8C}.Release|Any CPU.ActiveCfg = Release|Any CPU
		{CB6E7E2C-0857-4D18-AEAA-E360A1A61E8C}.Release|Any CPU.Build.0 = Release|Any CPU
		{D459CE5A-4896-4798-A789-316C1FD7DAE8}.Debug|Any CPU.ActiveCfg = Debug|Any CPU
		{D459CE5A-4896-4798-A789-316C1FD7DAE8}.Debug|Any CPU.Build.0 = Debug|Any CPU
		{D459CE5A-4896-4798-A789-316C1FD7DAE8}.Release|Any CPU.ActiveCfg = Release|Any CPU
		{D459CE5A-4896-4798-A789-316C1FD7DAE8}.Release|Any CPU.Build.0 = Release|Any CPU
		{CEEDE4F1-7110-416D-838D-2A2EC98D8BC8}.Debug|Any CPU.ActiveCfg = Debug|Any CPU
		{CEEDE4F1-7110-416D-838D-2A2EC98D8BC8}.Debug|Any CPU.Build.0 = Debug|Any CPU
		{CEEDE4F1-7110-416D-838D-2A2EC98D8BC8}.Release|Any CPU.ActiveCfg = Release|Any CPU
		{CEEDE4F1-7110-416D-838D-2A2EC98D8BC8}.Release|Any CPU.Build.0 = Release|Any CPU
		{F4983817-42AD-4940-BDAC-FC070D69DE95}.Debug|Any CPU.ActiveCfg = Debug|Any CPU
		{F4983817-42AD-4940-BDAC-FC070D69DE95}.Debug|Any CPU.Build.0 = Debug|Any CPU
		{F4983817-42AD-4940-BDAC-FC070D69DE95}.Release|Any CPU.ActiveCfg = Release|Any CPU
		{F4983817-42AD-4940-BDAC-FC070D69DE95}.Release|Any CPU.Build.0 = Release|Any CPU
		{FC819213-2F06-4497-808C-BC3E94DDE6BB}.Debug|Any CPU.ActiveCfg = Debug|Any CPU
		{FC819213-2F06-4497-808C-BC3E94DDE6BB}.Debug|Any CPU.Build.0 = Debug|Any CPU
		{FC819213-2F06-4497-808C-BC3E94DDE6BB}.Release|Any CPU.ActiveCfg = Release|Any CPU
		{FC819213-2F06-4497-808C-BC3E94DDE6BB}.Release|Any CPU.Build.0 = Release|Any CPU
		{B01744E6-A23D-45F6-926C-D1AF173C74DE}.Debug|Any CPU.ActiveCfg = Debug|Any CPU
		{B01744E6-A23D-45F6-926C-D1AF173C74DE}.Debug|Any CPU.Build.0 = Debug|Any CPU
		{B01744E6-A23D-45F6-926C-D1AF173C74DE}.Release|Any CPU.ActiveCfg = Release|Any CPU
		{B01744E6-A23D-45F6-926C-D1AF173C74DE}.Release|Any CPU.Build.0 = Release|Any CPU
		{02B51F45-3020-403D-97C9-25FEC33F5E4B}.Debug|Any CPU.ActiveCfg = Debug|Any CPU
		{02B51F45-3020-403D-97C9-25FEC33F5E4B}.Debug|Any CPU.Build.0 = Debug|Any CPU
		{02B51F45-3020-403D-97C9-25FEC33F5E4B}.Release|Any CPU.ActiveCfg = Release|Any CPU
		{02B51F45-3020-403D-97C9-25FEC33F5E4B}.Release|Any CPU.Build.0 = Release|Any CPU
	EndGlobalSection
	GlobalSection(SolutionProperties) = preSolution
		HideSolutionNode = FALSE
	EndGlobalSection
EndGlobal
